
Microsoft Visual Studio Solution File, Format Version 12.00
Project("{FAE04EC0-301F-11D3-BF4B-00C04F79EFBC}") = "OnlineQuiz.API", "src\OnlineQuiz\OnlineQuiz.API\OnlineQuiz.API.csproj", "{2F3402AF-65A1-455B-AC9D-C8510A0D1949}"
EndProject
Project("{2150E333-8FDC-42A3-9474-1A3956D46DE8}") = "src", "src", "{6DDFBA1B-50A7-40A7-BFCA-60E9AF87AE9F}"
EndProject
Project("{2150E333-8FDC-42A3-9474-1A3956D46DE8}") = "OnlineQuiz", "OnlineQuiz", "{BA3272AC-C3DB-46A1-835D-9054B0409B2C}"
EndProject
Project("{FAE04EC0-301F-11D3-BF4B-00C04F79EFBC}") = "OnlineQuiz.BLL", "src\OnlineQuiz\OnlineQuiz.BLL\OnlineQuiz.BLL.csproj", "{41BFEAD3-ED28-4C36-853A-C9B34448FF54}"
EndProject
Project("{FAE04EC0-301F-11D3-BF4B-00C04F79EFBC}") = "OnlineQuiz.DLL", "src\OnlineQuiz\OnlineQuiz.DLL\OnlineQuiz.DLL.csproj", "{7B18F8D7-14FD-4DE1-8FB0-C9A5E19F3828}"
EndProject
Global
	GlobalSection(SolutionConfigurationPlatforms) = preSolution
		Debug|Any CPU = Debug|Any CPU
		Release|Any CPU = Release|Any CPU
	EndGlobalSection
	GlobalSection(ProjectConfigurationPlatforms) = postSolution
		{2F3402AF-65A1-455B-AC9D-C8510A0D1949}.Debug|Any CPU.ActiveCfg = Debug|Any CPU
		{2F3402AF-65A1-455B-AC9D-C8510A0D1949}.Debug|Any CPU.Build.0 = Debug|Any CPU
		{2F3402AF-65A1-455B-AC9D-C8510A0D1949}.Release|Any CPU.ActiveCfg = Release|Any CPU
		{2F3402AF-65A1-455B-AC9D-C8510A0D1949}.Release|Any CPU.Build.0 = Release|Any CPU
		{41BFEAD3-ED28-4C36-853A-C9B34448FF54}.Debug|Any CPU.ActiveCfg = Debug|Any CPU
		{41BFEAD3-ED28-4C36-853A-C9B34448FF54}.Debug|Any CPU.Build.0 = Debug|Any CPU
		{41BFEAD3-ED28-4C36-853A-C9B34448FF54}.Release|Any CPU.ActiveCfg = Release|Any CPU
		{41BFEAD3-ED28-4C36-853A-C9B34448FF54}.Release|Any CPU.Build.0 = Release|Any CPU
		{7B18F8D7-14FD-4DE1-8FB0-C9A5E19F3828}.Debug|Any CPU.ActiveCfg = Debug|Any CPU
		{7B18F8D7-14FD-4DE1-8FB0-C9A5E19F3828}.Debug|Any CPU.Build.0 = Debug|Any CPU
		{7B18F8D7-14FD-4DE1-8FB0-C9A5E19F3828}.Release|Any CPU.ActiveCfg = Release|Any CPU
		{7B18F8D7-14FD-4DE1-8FB0-C9A5E19F3828}.Release|Any CPU.Build.0 = Release|Any CPU
	EndGlobalSection
	GlobalSection(NestedProjects) = preSolution
		{BA3272AC-C3DB-46A1-835D-9054B0409B2C} = {6DDFBA1B-50A7-40A7-BFCA-60E9AF87AE9F}
		{2F3402AF-65A1-455B-AC9D-C8510A0D1949} = {BA3272AC-C3DB-46A1-835D-9054B0409B2C}
		{41BFEAD3-ED28-4C36-853A-C9B34448FF54} = {BA3272AC-C3DB-46A1-835D-9054B0409B2C}
		{7B18F8D7-14FD-4DE1-8FB0-C9A5E19F3828} = {BA3272AC-C3DB-46A1-835D-9054B0409B2C}
	EndGlobalSection
EndGlobal
